
Microsoft Visual Studio Solution File, Format Version 12.00
# Visual Studio Version 17
VisualStudioVersion = 17.5.33424.131
MinimumVisualStudioVersion = 10.0.40219.1
Project("{9A19103F-16F7-4668-BE54-9A1E7A4F7556}") = "TatBlog.Core", "TatBlog.Core\TatBlog.Core.csproj", "{8E52CC04-BE07-42CD-BC57-0A12B05BCE3E}"
EndProject
Project("{9A19103F-16F7-4668-BE54-9A1E7A4F7556}") = "TatBlog.Data", "TatBlog.Data\TatBlog.Data.csproj", "{777AC72B-F757-43E2-A6E2-46497B668293}"
EndProject
Project("{9A19103F-16F7-4668-BE54-9A1E7A4F7556}") = "TatBlog.Services", "TatBlog.Services\TatBlog.Services.csproj", "{765A965F-4536-464A-B833-DC328EDC34DC}"
EndProject
Project("{9A19103F-16F7-4668-BE54-9A1E7A4F7556}") = "TatBlog.WinApp", "TatBlog.WinApp\TatBlog.WinApp.csproj", "{1E87393A-9C17-4D8F-B2C8-B3006659E736}"
EndProject
Project("{9A19103F-16F7-4668-BE54-9A1E7A4F7556}") = "TatBlog.WebApp", "TatBlog.WebApp\TatBlog.WebApp.csproj", "{424B62BD-9B1B-4DD6-8305-04529B8A109E}"
EndProject
Global
	GlobalSection(SolutionConfigurationPlatforms) = preSolution
		Debug|Any CPU = Debug|Any CPU
		Release|Any CPU = Release|Any CPU
	EndGlobalSection
	GlobalSection(ProjectConfigurationPlatforms) = postSolution
		{8E52CC04-BE07-42CD-BC57-0A12B05BCE3E}.Debug|Any CPU.ActiveCfg = Debug|Any CPU
		{8E52CC04-BE07-42CD-BC57-0A12B05BCE3E}.Debug|Any CPU.Build.0 = Debug|Any CPU
		{8E52CC04-BE07-42CD-BC57-0A12B05BCE3E}.Release|Any CPU.ActiveCfg = Release|Any CPU
		{8E52CC04-BE07-42CD-BC57-0A12B05BCE3E}.Release|Any CPU.Build.0 = Release|Any CPU
		{777AC72B-F757-43E2-A6E2-46497B668293}.Debug|Any CPU.ActiveCfg = Debug|Any CPU
		{777AC72B-F757-43E2-A6E2-46497B668293}.Debug|Any CPU.Build.0 = Debug|Any CPU
		{777AC72B-F757-43E2-A6E2-46497B668293}.Release|Any CPU.ActiveCfg = Release|Any CPU
		{777AC72B-F757-43E2-A6E2-46497B668293}.Release|Any CPU.Build.0 = Release|Any CPU
		{765A965F-4536-464A-B833-DC328EDC34DC}.Debug|Any CPU.ActiveCfg = Debug|Any CPU
		{765A965F-4536-464A-B833-DC328EDC34DC}.Debug|Any CPU.Build.0 = Debug|Any CPU
		{765A965F-4536-464A-B833-DC328EDC34DC}.Release|Any CPU.ActiveCfg = Release|Any CPU
		{765A965F-4536-464A-B833-DC328EDC34DC}.Release|Any CPU.Build.0 = Release|Any CPU
		{1E87393A-9C17-4D8F-B2C8-B3006659E736}.Debug|Any CPU.ActiveCfg = Debug|Any CPU
		{1E87393A-9C17-4D8F-B2C8-B3006659E736}.Debug|Any CPU.Build.0 = Debug|Any CPU
		{1E87393A-9C17-4D8F-B2C8-B3006659E736}.Release|Any CPU.ActiveCfg = Release|Any CPU
		{1E87393A-9C17-4D8F-B2C8-B3006659E736}.Release|Any CPU.Build.0 = Release|Any CPU
		{424B62BD-9B1B-4DD6-8305-04529B8A109E}.Debug|Any CPU.ActiveCfg = Debug|Any CPU
		{424B62BD-9B1B-4DD6-8305-04529B8A109E}.Debug|Any CPU.Build.0 = Debug|Any CPU
		{424B62BD-9B1B-4DD6-8305-04529B8A109E}.Release|Any CPU.ActiveCfg = Release|Any CPU
		{424B62BD-9B1B-4DD6-8305-04529B8A109E}.Release|Any CPU.Build.0 = Release|Any CPU
	EndGlobalSection
	GlobalSection(SolutionProperties) = preSolution
		HideSolutionNode = FALSE
	EndGlobalSection
	GlobalSection(ExtensibilityGlobals) = postSolution
		SolutionGuid = {A1C4B556-CB8E-40B2-8A87-7FD2C7D04EF9}
	EndGlobalSection
EndGlobal
